
Microsoft Visual Studio Solution File, Format Version 12.00
# Visual Studio Version 17
VisualStudioVersion = 17.13.35825.156 d17.13
MinimumVisualStudioVersion = 10.0.40219.1
Project("{FAE04EC0-301F-11D3-BF4B-00C04F79EFBC}") = "Factory", "Factory\Factory.csproj", "{2431DD9D-F475-4A40-9F24-C99D68EB523B}"
EndProject
Global
	GlobalSection(SolutionConfigurationPlatforms) = preSolution
		Debug|Any CPU = Debug|Any CPU
		Release|Any CPU = Release|Any CPU
	EndGlobalSection
	GlobalSection(ProjectConfigurationPlatforms) = postSolution
		{2431DD9D-F475-4A40-9F24-C99D68EB523B}.Debug|Any CPU.ActiveCfg = Debug|Any CPU
		{2431DD9D-F475-4A40-9F24-C99D68EB523B}.Debug|Any CPU.Build.0 = Debug|Any CPU
		{2431DD9D-F475-4A40-9F24-C99D68EB523B}.Release|Any CPU.ActiveCfg = Release|Any CPU
		{2431DD9D-F475-4A40-9F24-C99D68EB523B}.Release|Any CPU.Build.0 = Release|Any CPU
	EndGlobalSection
	GlobalSection(SolutionProperties) = preSolution
		HideSolutionNode = FALSE
	EndGlobalSection
	GlobalSection(ExtensibilityGlobals) = postSolution
		SolutionGuid = {171583D1-7D48-4CF5-AA30-DAC3DF3DF6F0}
	EndGlobalSection
EndGlobal
